
Microsoft Visual Studio Solution File, Format Version 12.00
# Visual Studio Version 17
VisualStudioVersion = 17.9.34622.214
MinimumVisualStudioVersion = 10.0.40219.1
Project("{FAE04EC0-301F-11D3-BF4B-00C04F79EFBC}") = "GestionaleCorriere", "GestionaleCorriere\GestionaleCorriere.csproj", "{19C04FAC-117A-4032-8FFD-BBA0AE2E12AD}"
EndProject
Global
	GlobalSection(SolutionConfigurationPlatforms) = preSolution
		Debug|Any CPU = Debug|Any CPU
		Release|Any CPU = Release|Any CPU
	EndGlobalSection
	GlobalSection(ProjectConfigurationPlatforms) = postSolution
		{19C04FAC-117A-4032-8FFD-BBA0AE2E12AD}.Debug|Any CPU.ActiveCfg = Debug|Any CPU
		{19C04FAC-117A-4032-8FFD-BBA0AE2E12AD}.Debug|Any CPU.Build.0 = Debug|Any CPU
		{19C04FAC-117A-4032-8FFD-BBA0AE2E12AD}.Release|Any CPU.ActiveCfg = Release|Any CPU
		{19C04FAC-117A-4032-8FFD-BBA0AE2E12AD}.Release|Any CPU.Build.0 = Release|Any CPU
	EndGlobalSection
	GlobalSection(SolutionProperties) = preSolution
		HideSolutionNode = FALSE
	EndGlobalSection
	GlobalSection(ExtensibilityGlobals) = postSolution
		SolutionGuid = {92E36572-1187-455A-8463-04D610DEC0B7}
	EndGlobalSection
EndGlobal
